
Microsoft Visual Studio Solution File, Format Version 12.00
# Visual Studio 15
VisualStudioVersion = 15.0.27428.2015
MinimumVisualStudioVersion = 10.0.40219.1
Project("{FAE04EC0-301F-11D3-BF4B-00C04F79EFBC}") = "Homework_2", "Homework_2\Homework_2.csproj", "{A0045AB9-1B86-40D5-981F-971C0E0623C0}"
EndProject
Global
	GlobalSection(SolutionConfigurationPlatforms) = preSolution
		Debug|Any CPU = Debug|Any CPU
		Release|Any CPU = Release|Any CPU
	EndGlobalSection
	GlobalSection(ProjectConfigurationPlatforms) = postSolution
		{A0045AB9-1B86-40D5-981F-971C0E0623C0}.Debug|Any CPU.ActiveCfg = Debug|Any CPU
		{A0045AB9-1B86-40D5-981F-971C0E0623C0}.Debug|Any CPU.Build.0 = Debug|Any CPU
		{A0045AB9-1B86-40D5-981F-971C0E0623C0}.Release|Any CPU.ActiveCfg = Release|Any CPU
		{A0045AB9-1B86-40D5-981F-971C0E0623C0}.Release|Any CPU.Build.0 = Release|Any CPU
	EndGlobalSection
	GlobalSection(SolutionProperties) = preSolution
		HideSolutionNode = FALSE
	EndGlobalSection
	GlobalSection(ExtensibilityGlobals) = postSolution
		SolutionGuid = {3F8748E5-9534-4262-B033-DD4F77F61274}
	EndGlobalSection
EndGlobal
